PODS:
  - AFNetworking (1.3.3)
  - DACircularProgress (2.1.0)
  - FMDB (2.1):
    - FMDB/standard
  - FMDB/common (2.1)
  - FMDB/standard (2.1):
    - FMDB/common
  - IDMPhotoBrowser (1.2.6):
    - AFNetworking (~> 1.3.1)
    - DACircularProgress (~> 2.1.0)
    - SVProgressHUD (~> 0.9)
  - OSReflectionKit (0.6.2)
  - SVProgressHUD (0.9)

DEPENDENCIES:
  - FMDB (~> 2.1.0)
  - IDMPhotoBrowser (~> 1.2.0)
  - OSReflectionKit (~> 0.6.2)

SPEC CHECKSUMS:
  AFNetworking: 61fdd49e2ffe6380378df37b3b6e70630bb9dd66
  DACircularProgress: 8c8f20c8dffdd647fbf570ddecbc2b1b59da5888
  FMDB: 3fd5aaf632ca4ed39e3f101e0398504e6d5b0918
  IDMPhotoBrowser: 9334d802ae20887fd8942bee4dbef74818ce730c
  OSReflectionKit: 0be137297a3d5287af608e93559bf409a13ed276
  SVProgressHUD: 03d4845ec8e64591726428a08236c6a5489d45f8

COCOAPODS: 0.29.0
